// !$*UTF8*$!
{
	archiveVersion = 1;
	classes = {
	};
	objectVersion = 48;
	objects = {

/* Begin PBXBuildFile section */
		FB29662E2012CD23005CA135 /* CoreData.framework in Frameworks */ = {isa = PBXBuildFile; fileRef = FB29662D2012CD23005CA135 /* CoreData.framework */; };
		FB2966302012DA0B005CA135 /* ManagerViewController.swift in Sources */ = {isa = PBXBuildFile; fileRef = FB29662F2012DA0B005CA135 /* ManagerViewController.swift */; };
		FB537DFB2012BFD500AD1D20 /* AppDelegate.swift in Sources */ = {isa = PBXBuildFile; fileRef = FB537DFA2012BFD500AD1D20 /* AppDelegate.swift */; };
		FB537DFD2012BFD500AD1D20 /* ViewController.swift in Sources */ = {isa = PBXBuildFile; fileRef = FB537DFC2012BFD500AD1D20 /* ViewController.swift */; };
		FB537E002012BFD600AD1D20 /* Main.storyboard in Resources */ = {isa = PBXBuildFile; fileRef = FB537DFE2012BFD600AD1D20 /* Main.storyboard */; };
		FB537E022012BFD600AD1D20 /* Assets.xcassets in Resources */ = {isa = PBXBuildFile; fileRef = FB537E012012BFD600AD1D20 /* Assets.xcassets */; };
		FB537E052012BFD600AD1D20 /* LaunchScreen.storyboard in Resources */ = {isa = PBXBuildFile; fileRef = FB537E032012BFD600AD1D20 /* LaunchScreen.storyboard */; };
/* End PBXBuildFile section */

/* Begin PBXFileReference section */
		FB29662D2012CD23005CA135 /* CoreData.framework */ = {isa = PBXFileReference; lastKnownFileType = wrapper.framework; name = CoreData.framework; path = System/Library/Frameworks/CoreData.framework; sourceTree = SDKROOT; };
		FB29662F2012DA0B005CA135 /* ManagerViewController.swift */ = {isa = PBXFileReference; lastKnownFileType = sourcecode.swift; path = ManagerViewController.swift; sourceTree = "<group>"; };
		FB537DF72012BFD500AD1D20 /* Clase02.app */ = {isa = PBXFileReference; explicitFileType = wrapper.application; includeInIndex = 0; path = Clase02.app; sourceTree = BUILT_PRODUCTS_DIR; };
		FB537DFA2012BFD500AD1D20 /* AppDelegate.swift */ = {isa = PBXFileReference; lastKnownFileType = sourcecode.swift; path = AppDelegate.swift; sourceTree = "<group>"; };
		FB537DFC2012BFD500AD1D20 /* ViewController.swift */ = {isa = PBXFileReference; lastKnownFileType = sourcecode.swift; path = ViewController.swift; sourceTree = "<group>"; };
		FB537DFF2012BFD600AD1D20 /* Base */ = {isa = PBXFileReference; lastKnownFileType = file.storyboard; name = Base; path = Base.lproj/Main.storyboard; sourceTree = "<group>"; };
		FB537E012012BFD600AD1D20 /* Assets.xcassets */ = {isa = PBXFileReference; lastKnownFileType = folder.assetcatalog; path = Assets.xcassets; sourceTree = "<group>"; };
		FB537E042012BFD600AD1D20 /* Base */ = {isa = PBXFileReference; lastKnownFileType = file.storyboard; name = Base; path = Base.lproj/LaunchScreen.storyboard; sourceTree = "<group>"; };
		FB537E062012BFD600AD1D20 /* Info.plist */ = {isa = PBXFileReference; lastKnownFileType = text.plist.xml; path = Info.plist; sourceTree = "<group>"; };
/* End PBXFileReference section */

/* Begin PBXFrameworksBuildPhase section */
		FB537DF42012BFD400AD1D20 /* Frameworks */ = {
			isa = PBXFrameworksBuildPhase;
			buildActionMask = 2147483647;
			files = (
				FB29662E2012CD23005CA135 /* CoreData.framework in Frameworks */,
			);
			runOnlyForDeploymentPostprocessing = 0;
		};
/* End PBXFrameworksBuildPhase section */

/* Begin PBXGroup section */
		FB29662C2012CD23005CA135 /* Frameworks */ = {
			isa = PBXGroup;
			children = (
				FB29662D2012CD23005CA135 /* CoreData.framework */,
			);
			name = Frameworks;
			sourceTree = "<group>";
		};
		FB537DEE2012BFD300AD1D20 = {
			isa = PBXGroup;
			children = (
				FB537DF92012BFD500AD1D20 /* Clase02 */,
				FB537DF82012BFD500AD1D20 /* Products */,
				FB29662C2012CD23005CA135 /* Frameworks */,
			);
			sourceTree = "<group>";
		};
		FB537DF82012BFD500AD1D20 /* Products */ = {
			isa = PBXGroup;
			children = (
				FB537DF72012BFD500AD1D20 /* Clase02.app */,
			);
			name = Products;
			sourceTree = "<group>";
		};
		FB537DF92012BFD500AD1D20 /* Clase02 */ = {
			isa = PBXGroup;
			children = (
				FB537DFA2012BFD500AD1D20 /* AppDelegate.swift */,
				FB537DFC2012BFD500AD1D20 /* ViewController.swift */,
				FB537DFE2012BFD600AD1D20 /* Main.storyboard */,
				FB537E012012BFD600AD1D20 /* Assets.xcassets */,
				FB537E032012BFD600AD1D20 /* LaunchScreen.storyboard */,
				FB537E062012BFD600AD1D20 /* Info.plist */,
				FB29662F2012DA0B005CA135 /* ManagerViewController.swift */,
			);
			path = Clase02;
			sourceTree = "<group>";
		};
/* End PBXGroup section */

/* Begin PBXNativeTarget section */
		FB537DF62012BFD400AD1D20 /* Clase02 */ = {
			isa = PBXNativeTarget;
			buildConfigurationList = FB537E092012BFD600AD1D20 /* Build configuration list for PBXNativeTarget "Clase02" */;
			buildPhases = (
				FB537DF32012BFD400AD1D20 /* Sources */,
				FB537DF42012BFD400AD1D20 /* Frameworks */,
				FB537DF52012BFD400AD1D20 /* Resources */,
			);
			buildRules = (
			);
			dependencies = (
			);
			name = Clase02;
			productName = Clase02;
			productReference = FB537DF72012BFD500AD1D20 /* Clase02.app */;
			productType = "com.apple.product-type.application";
		};
/* End PBXNativeTarget section */

/* Begin PBXProject section */
		FB537DEF2012BFD300AD1D20 /* Project object */ = {
			isa = PBXProject;
			attributes = {
				LastSwiftUpdateCheck = 0900;
				LastUpgradeCheck = 0900;
				ORGANIZATIONNAME = Area51;
				TargetAttributes = {
					FB537DF62012BFD400AD1D20 = {
						CreatedOnToolsVersion = 9.0;
						ProvisioningStyle = Automatic;
					};
				};
			};
			buildConfigurationList = FB537DF22012BFD300AD1D20 /* Build configuration list for PBXProject "Clase02" */;
			compatibilityVersion = "Xcode 8.0";
			developmentRegion = en;
			hasScannedForEncodings = 0;
			knownRegions = (
				en,
				Base,
			);
			mainGroup = FB537DEE2012BFD300AD1D20;
			productRefGroup = FB537DF82012BFD500AD1D20 /* Products */;
			projectDirPath = "";
			projectRoot = "";
			targets = (
				FB537DF62012BFD400AD1D20 /* Clase02 */,
			);
		};
/* End PBXProject section */

/* Begin PBXResourcesBuildPhase section */
		FB537DF52012BFD400AD1D20 /* Resources */ = {
			isa = PBXResourcesBuildPhase;
			buildActionMask = 2147483647;
			files = (
				FB537E052012BFD600AD1D20 /* LaunchScreen.storyboard in Resources */,
				FB537E022012BFD600AD1D20 /* Assets.xcassets in Resources */,
				FB537E002012BFD600AD1D20 /* Main.storyboard in Resources */,
			);
			runOnlyForDeploymentPostprocessing = 0;
		};
/* End PBXResourcesBuildPhase section */

/* Begin PBXSourcesBuildPhase section */
		FB537DF32012BFD400AD1D20 /* Sources */ = {
			isa = PBXSourcesBuildPhase;
			buildActionMask = 2147483647;
			files = (
				FB2966302012DA0B005CA135 /* ManagerViewController.swift in Sources */,
				FB537DFD2012BFD500AD1D20 /* ViewController.swift in Sources */,
				FB537DFB2012BFD500AD1D20 /* AppDelegate.swift in Sources */,
			);
			runOnlyForDeploymentPostprocessing = 0;
		};
/* End PBXSourcesBuildPhase section */

/* Begin PBXVariantGroup section */
		FB537DFE2012BFD600AD1D20 /* Main.storyboard */ = {
			isa = PBXVariantGroup;
			children = (
				FB537DFF2012BFD600AD1D20 /* Base */,
			);
			name = Main.storyboard;
			sourceTree = "<group>";
		};
		FB537E032012BFD600AD1D20 /* LaunchScreen.storyboard */ = {
			isa = PBXVariantGroup;
			children = (
				FB537E042012BFD600AD1D20 /* Base */,
			);
			name = LaunchScreen.storyboard;
			sourceTree = "<group>";
		};
/* End PBXVariantGroup section */

/* Begin XCBuildConfiguration section */
		FB537E072012BFD600AD1D20 /* Debug */ = {
			isa = XCBuildConfiguration;
			buildSettings = {
				ALWAYS_SEARCH_USER_PATHS = NO;
				CLANG_ANALYZER_NONNULL = YES;
				CLANG_ANALYZER_NUMBER_OBJECT_CONVERSION = YES_AGGRESSIVE;
				CLANG_CXX_LANGUAGE_STANDARD = "gnu++14";
				CLANG_CXX_LIBRARY = "libc++";
				CLANG_ENABLE_MODULES = YES;
				CLANG_ENABLE_OBJC_ARC = YES;
				CLANG_WARN_BLOCK_CAPTURE_AUTORELEASING = YES;
				CLANG_WARN_BOOL_CONVERSION = YES;
				CLANG_WARN_COMMA = YES;
				CLANG_WARN_CONSTANT_CONVERSION = YES;
				CLANG_WARN_DIRECT_OBJC_ISA_USAGE = YES_ERROR;
				CLANG_WARN_DOCUMENTATION_COMMENTS = YES;
				CLANG_WARN_EMPTY_BODY = YES;
				CLANG_WARN_ENUM_CONVERSION = YES;
				CLANG_WARN_INFINITE_RECURSION = YES;
				CLANG_WARN_INT_CONVERSION = YES;
				CLANG_WARN_NON_LITERAL_NULL_CONVERSION = YES;
				CLANG_WARN_OBJC_LITERAL_CONVERSION = YES;
				CLANG_WARN_OBJC_ROOT_CLASS = YES_ERROR;
				CLANG_WARN_RANGE_LOOP_ANALYSIS = YES;
				CLANG_WARN_STRICT_PROTOTYPES = YES;
				CLANG_WARN_SUSPICIOUS_MOVE = YES;
				CLANG_WARN_UNGUARDED_AVAILABILITY = YES_AGGRESSIVE;
				CLANG_WARN_UNREACHABLE_CODE = YES;
				CLANG_WARN__DUPLICATE_METHOD_MATCH = YES;
				CODE_SIGN_IDENTITY = "iPhone Developer";
				COPY_PHASE_STRIP = NO;
				DEBUG_INFORMATION_FORMAT = dwarf;
				ENABLE_STRICT_OBJC_MSGSEND = YES;
				ENABLE_TESTABILITY = YES;
				GCC_C_LANGUAGE_STANDARD = gnu11;
				GCC_DYNAMIC_NO_PIC = NO;
				GCC_NO_COMMON_BLOCKS = YES;
				GCC_OPTIMIZATION_LEVEL = 0;
				GCC_PREPROCESSOR_DEFINITIONS = (
					"DEBUG=1",
					"$(inherited)",
				);
				GCC_WARN_64_TO_32_BIT_CONVERSION = YES;
				GCC_WARN_ABOUT_RETURN_TYPE = YES_ERROR;
				GCC_WARN_UNDECLARED_SELECTOR = YES;
				GCC_WARN_UNINITIALIZED_AUTOS = YES_AGGRESSIVE;
				GCC_WARN_UNUSED_FUNCTION = YES;
				GCC_WARN_UNUSED_VARIABLE = YES;
				IPHONEOS_DEPLOYMENT_TARGET = 11.0;
				MTL_ENABLE_DEBUG_INFO = YES;
				ONLY_ACTIVE_ARCH = YES;
				SDKROOT = iphoneos;
				SWIFT_ACTIVE_COMPILATION_CONDITIONS = DEBUG;
				SWIFT_OPTIMIZATION_LEVEL = "-Onone";
			};
			name = Debug;
		};
		FB537E082012BFD600AD1D20 /* Release */ = {
			isa = XCBuildConfiguration;
			buildSettings = {
				ALWAYS_SEARCH_USER_PATHS = NO;
				CLANG_ANALYZER_NONNULL = YES;
				CLANG_ANALYZER_NUMBER_OBJECT_CONVERSION = YES_AGGRESSIVE;
				CLANG_CXX_LANGUAGE_STANDARD = "gnu++14";
				CLANG_CXX_LIBRARY = "libc++";
				CLANG_ENABLE_MODULES = YES;
				CLANG_ENABLE_OBJC_ARC = YES;
				CLANG_WARN_BLOCK_CAPTURE_AUTORELEASING = YES;
				CLANG_WARN_BOOL_CONVERSION = YES;
				CLANG_WARN_COMMA = YES;
				CLANG_WARN_CONSTANT_CONVERSION = YES;
				CLANG_WARN_DIRECT_OBJC_ISA_USAGE = YES_ERROR;
				CLANG_WARN_DOCUMENTATION_COMMENTS = YES;
				CLANG_WARN_EMPTY_BODY = YES;
				CLANG_WARN_ENUM_CONVERSION = YES;
				CLANG_WARN_INFINITE_RECURSION = YES;
				CLANG_WARN_INT_CONVERSION = YES;
				CLANG_WARN_NON_LITERAL_NULL_CONVERSION = YES;
				CLANG_WARN_OBJC_LITERAL_CONVERSION = YES;
				CLANG_WARN_OBJC_ROOT_CLASS = YES_ERROR;
				CLANG_WARN_RANGE_LOOP_ANALYSIS = YES;
				CLANG_WARN_STRICT_PROTOTYPES = YES;
				CLANG_WARN_SUSPICIOUS_MOVE = YES;
				CLANG_WARN_UNGUARDED_AVAILABILITY = YES_AGGRESSIVE;
				CLANG_WARN_UNREACHABLE_CODE = YES;
				CLANG_WARN__DUPLICATE_METHOD_MATCH = YES;
				CODE_SIGN_IDENTITY = "iPhone Developer";
				COPY_PHASE_STRIP = NO;
				DEBUG_INFORMATION_FORMAT = "dwarf-with-dsym";
				ENABLE_NS_ASSERTIONS = NO;
				ENABLE_STRICT_OBJC_MSGSEND = YES;
				GCC_C_LANGUAGE_STANDARD = gnu11;
				GCC_NO_COMMON_BLOCKS = YES;
				GCC_WARN_64_TO_32_BIT_CONVERSION = YES;
				GCC_WARN_ABOUT_RETURN_TYPE = YES_ERROR;
				GCC_WARN_UNDECLARED_SELECTOR = YES;
				GCC_WARN_UNINITIALIZED_AUTOS = YES_AGGRESSIVE;
				GCC_WARN_UNUSED_FUNCTION = YES;
				GCC_WARN_UNUSED_VARIABLE = YES;
				IPHONEOS_DEPLOYMENT_TARGET = 11.0;
				MTL_ENABLE_DEBUG_INFO = NO;
				SDKROOT = iphoneos;
				SWIFT_OPTIMIZATION_LEVEL = "-Owholemodule";
				VALIDATE_PRODUCT = YES;
			};
			name = Release;
		};
		FB537E0A2012BFD600AD1D20 /* Debug */ = {
			isa = XCBuildConfiguration;
			buildSettings = {
				ASSETCATALOG_COMPILER_APPICON_NAME = AppIcon;
				CODE_SIGN_STYLE = Automatic;
				INFOPLIST_FILE = Clase02/Info.plist;
				LD_RUNPATH_SEARCH_PATHS = "$(inherited) @executable_path/Frameworks";
				PRODUCT_BUNDLE_IDENTIFIER = pe.area51.Clase02;
				PRODUCT_NAME = "$(TARGET_NAME)";
				SWIFT_VERSION = 4.0;
				TARGETED_DEVICE_FAMILY = "1,2";
			};
			name = Debug;
		};
		FB537E0B2012BFD600AD1D20 /* Release */ = {
			isa = XCBuildConfiguration;
			buildSettings = {
				ASSETCATALOG_COMPILER_APPICON_NAME = AppIcon;
				CODE_SIGN_STYLE = Automatic;
				INFOPLIST_FILE = Clase02/Info.plist;
				LD_RUNPATH_SEARCH_PATHS = "$(inherited) @executable_path/Frameworks";
				PRODUCT_BUNDLE_IDENTIFIER = pe.area51.Clase02;
				PRODUCT_NAME = "$(TARGET_NAME)";
				SWIFT_VERSION = 4.0;
				TARGETED_DEVICE_FAMILY = "1,2";
			};
			name = Release;
		};
/* End XCBuildConfiguration section */

/* Begin XCConfigurationList section */
		FB537DF22012BFD300AD1D20 /* Build configuration list for PBXProject "Clase02" */ = {
			isa = XCConfigurationList;
			buildConfigurations = (
				FB537E072012BFD600AD1D20 /* Debug */,
				FB537E082012BFD600AD1D20 /* Release */,
			);
			defaultConfigurationIsVisible = 0;
			defaultConfigurationName = Release;
		};
		FB537E092012BFD600AD1D20 /* Build configuration list for PBXNativeTarget "Clase02" */ = {
			isa = XCConfigurationList;
			buildConfigurations = (
				FB537E0A2012BFD600AD1D20 /* Debug */,
				FB537E0B2012BFD600AD1D20 /* Release */,
			);
			defaultConfigurationIsVisible = 0;
			defaultConfigurationName = Release;
		};
/* End XCConfigurationList section */
	};
	rootObject = FB537DEF2012BFD300AD1D20 /* Project object */;
}
